// !$*UTF8*$!
{
	archiveVersion = 1;
	classes = {
	};
	objectVersion = 46;
	objects = {

/* Begin PBXBuildFile section */
		5504A0B41C2368FF00976A94 /* main.m in Sources */ = {isa = PBXBuildFile; fileRef = 5504A0B31C2368FF00976A94 /* main.m */; };
		5504A0B71C2368FF00976A94 /* AppDelegate.m in Sources */ = {isa = PBXBuildFile; fileRef = 5504A0B61C2368FF00976A94 /* AppDelegate.m */; };
		5504A0BD1C2368FF00976A94 /* Main.storyboard in Resources */ = {isa = PBXBuildFile; fileRef = 5504A0BB1C2368FF00976A94 /* Main.storyboard */; };
		5504A0BF1C2368FF00976A94 /* Assets.xcassets in Resources */ = {isa = PBXBuildFile; fileRef = 5504A0BE1C2368FF00976A94 /* Assets.xcassets */; };
		5504A0C21C2368FF00976A94 /* LaunchScreen.storyboard in Resources */ = {isa = PBXBuildFile; fileRef = 5504A0C01C2368FF00976A94 /* LaunchScreen.storyboard */; };
		5504A0CD1C2368FF00976A94 /* JALAudioSamplerTests.m in Sources */ = {isa = PBXBuildFile; fileRef = 5504A0CC1C2368FF00976A94 /* JALAudioSamplerTests.m */; };
		5504A0E71C23697700976A94 /* AudioToolbox.framework in Frameworks */ = {isa = PBXBuildFile; fileRef = 5504A0E51C23697700976A94 /* AudioToolbox.framework */; };
		5504A0E81C23697700976A94 /* AVFoundation.framework in Frameworks */ = {isa = PBXBuildFile; fileRef = 5504A0E61C23697700976A94 /* AVFoundation.framework */; };
		5504A0EE1C236CF400976A94 /* EXS Factory Samples in Resources */ = {isa = PBXBuildFile; fileRef = 5504A0ED1C236CF400976A94 /* EXS Factory Samples */; };
		5504A0EF1C236CF400976A94 /* EXS Factory Samples in Resources */ = {isa = PBXBuildFile; fileRef = 5504A0ED1C236CF400976A94 /* EXS Factory Samples */; };
		5504A0F21C236D5500976A94 /* JALSampler.m in Sources */ = {isa = PBXBuildFile; fileRef = 5504A0F11C236D5500976A94 /* JALSampler.m */; };
		5504A0F51C2370B600976A94 /* AudioToolbox.framework in Frameworks */ = {isa = PBXBuildFile; fileRef = 5504A0E51C23697700976A94 /* AudioToolbox.framework */; };
		5504A0F61C2370B600976A94 /* AVFoundation.framework in Frameworks */ = {isa = PBXBuildFile; fileRef = 5504A0E61C23697700976A94 /* AVFoundation.framework */; };
		5504A0F91C23715D00976A94 /* JALViewController.m in Sources */ = {isa = PBXBuildFile; fileRef = 5504A0F81C23715D00976A94 /* JALViewController.m */; };
		5504A0FC1C2373D500976A94 /* ontology-destroy-you-bass.exs in Resources */ = {isa = PBXBuildFile; fileRef = 5504A0FB1C2373D500976A94 /* ontology-destroy-you-bass.exs */; };
		5504A0FD1C2373D500976A94 /* ontology-destroy-you-bass.exs in Resources */ = {isa = PBXBuildFile; fileRef = 5504A0FB1C2373D500976A94 /* ontology-destroy-you-bass.exs */; };
		5504A0FF1C23777800976A94 /* ElPiano1.sf2 in Resources */ = {isa = PBXBuildFile; fileRef = 5504A0FE1C23777800976A94 /* ElPiano1.sf2 */; };
		55F752441C2669D6009F0F95 /* JALMidiPlayer.m in Sources */ = {isa = PBXBuildFile; fileRef = 55F752431C2669D6009F0F95 /* JALMidiPlayer.m */; };
		55F752461C2684A5009F0F95 /* bach-invention-01.mid in Resources */ = {isa = PBXBuildFile; fileRef = 55F752451C2684A5009F0F95 /* bach-invention-01.mid */; };
/* End PBXBuildFile section */

/* Begin PBXContainerItemProxy section */
		5504A0C91C2368FF00976A94 /* PBXContainerItemProxy */ = {
			isa = PBXContainerItemProxy;
			containerPortal = 5504A0A71C2368FF00976A94 /* Project object */;
			proxyType = 1;
			remoteGlobalIDString = 5504A0AE1C2368FF00976A94;
			remoteInfo = JALAudioSampler;
		};
/* End PBXContainerItemProxy section */

/* Begin PBXFileReference section */
		5504A0AF1C2368FF00976A94 /* JALAudioSampler.app */ = {isa = PBXFileReference; explicitFileType = wrapper.application; includeInIndex = 0; path = JALAudioSampler.app; sourceTree = BUILT_PRODUCTS_DIR; };
		5504A0B31C2368FF00976A94 /* main.m */ = {isa = PBXFileReference; lastKnownFileType = sourcecode.c.objc; path = main.m; sourceTree = "<group>"; };
		5504A0B51C2368FF00976A94 /* AppDelegate.h */ = {isa = PBXFileReference; lastKnownFileType = sourcecode.c.h; path = AppDelegate.h; sourceTree = "<group>"; };
		5504A0B61C2368FF00976A94 /* AppDelegate.m */ = {isa = PBXFileReference; lastKnownFileType = sourcecode.c.objc; path = AppDelegate.m; sourceTree = "<group>"; };
		5504A0BC1C2368FF00976A94 /* Base */ = {isa = PBXFileReference; lastKnownFileType = file.storyboard; name = Base; path = Base.lproj/Main.storyboard; sourceTree = "<group>"; };
		5504A0BE1C2368FF00976A94 /* Assets.xcassets */ = {isa = PBXFileReference; lastKnownFileType = folder.assetcatalog; path = Assets.xcassets; sourceTree = "<group>"; };
		5504A0C11C2368FF00976A94 /* Base */ = {isa = PBXFileReference; lastKnownFileType = file.storyboard; name = Base; path = Base.lproj/LaunchScreen.storyboard; sourceTree = "<group>"; };
		5504A0C31C2368FF00976A94 /* Info.plist */ = {isa = PBXFileReference; lastKnownFileType = text.plist.xml; path = Info.plist; sourceTree = "<group>"; };
		5504A0C81C2368FF00976A94 /* JALAudioSamplerTests.xctest */ = {isa = PBXFileReference; explicitFileType = wrapper.cfbundle; includeInIndex = 0; path = JALAudioSamplerTests.xctest; sourceTree = BUILT_PRODUCTS_DIR; };
		5504A0CC1C2368FF00976A94 /* JALAudioSamplerTests.m */ = {isa = PBXFileReference; lastKnownFileType = sourcecode.c.objc; path = JALAudioSamplerTests.m; sourceTree = "<group>"; };
		5504A0CE1C2368FF00976A94 /* Info.plist */ = {isa = PBXFileReference; lastKnownFileType = text.plist.xml; path = Info.plist; sourceTree = "<group>"; };
		5504A0E51C23697700976A94 /* AudioToolbox.framework */ = {isa = PBXFileReference; lastKnownFileType = wrapper.framework; name = AudioToolbox.framework; path = System/Library/Frameworks/AudioToolbox.framework; sourceTree = SDKROOT; };
		5504A0E61C23697700976A94 /* AVFoundation.framework */ = {isa = PBXFileReference; lastKnownFileType = wrapper.framework; name = AVFoundation.framework; path = System/Library/Frameworks/AVFoundation.framework; sourceTree = SDKROOT; };
		5504A0ED1C236CF400976A94 /* EXS Factory Samples */ = {isa = PBXFileReference; lastKnownFileType = folder; path = "EXS Factory Samples"; sourceTree = "<group>"; };
		5504A0F01C236D5500976A94 /* JALSampler.h */ = {isa = PBXFileReference; fileEncoding = 4; lastKnownFileType = sourcecode.c.h; path = JALSampler.h; sourceTree = "<group>"; };
		5504A0F11C236D5500976A94 /* JALSampler.m */ = {isa = PBXFileReference; fileEncoding = 4; lastKnownFileType = sourcecode.c.objc; path = JALSampler.m; sourceTree = "<group>"; };
		5504A0F41C236D9000976A94 /* JALLog.h */ = {isa = PBXFileReference; fileEncoding = 4; lastKnownFileType = sourcecode.c.h; path = JALLog.h; sourceTree = "<group>"; };
		5504A0F71C23715D00976A94 /* JALViewController.h */ = {isa = PBXFileReference; fileEncoding = 4; lastKnownFileType = sourcecode.c.h; path = JALViewController.h; sourceTree = "<group>"; };
		5504A0F81C23715D00976A94 /* JALViewController.m */ = {isa = PBXFileReference; fileEncoding = 4; lastKnownFileType = sourcecode.c.objc; path = JALViewController.m; sourceTree = "<group>"; };
		5504A0FB1C2373D500976A94 /* ontology-destroy-you-bass.exs */ = {isa = PBXFileReference; lastKnownFileType = file; path = "ontology-destroy-you-bass.exs"; sourceTree = "<group>"; };
		5504A0FE1C23777800976A94 /* ElPiano1.sf2 */ = {isa = PBXFileReference; lastKnownFileType = file; path = ElPiano1.sf2; sourceTree = "<group>"; };
		55F752421C2669D6009F0F95 /* JALMidiPlayer.h */ = {isa = PBXFileReference; fileEncoding = 4; lastKnownFileType = sourcecode.c.h; path = JALMidiPlayer.h; sourceTree = "<group>"; };
		55F752431C2669D6009F0F95 /* JALMidiPlayer.m */ = {isa = PBXFileReference; fileEncoding = 4; lastKnownFileType = sourcecode.c.objc; path = JALMidiPlayer.m; sourceTree = "<group>"; };
		55F752451C2684A5009F0F95 /* bach-invention-01.mid */ = {isa = PBXFileReference; lastKnownFileType = audio.midi; path = "bach-invention-01.mid"; sourceTree = "<group>"; };
/* End PBXFileReference section */

/* Begin PBXFrameworksBuildPhase section */
		5504A0AC1C2368FF00976A94 /* Frameworks */ = {
			isa = PBXFrameworksBuildPhase;
			buildActionMask = 2147483647;
			files = (
				5504A0E71C23697700976A94 /* AudioToolbox.framework in Frameworks */,
				5504A0E81C23697700976A94 /* AVFoundation.framework in Frameworks */,
			);
			runOnlyForDeploymentPostprocessing = 0;
		};
		5504A0C51C2368FF00976A94 /* Frameworks */ = {
			isa = PBXFrameworksBuildPhase;
			buildActionMask = 2147483647;
			files = (
				5504A0F51C2370B600976A94 /* AudioToolbox.framework in Frameworks */,
				5504A0F61C2370B600976A94 /* AVFoundation.framework in Frameworks */,
			);
			runOnlyForDeploymentPostprocessing = 0;
		};
/* End PBXFrameworksBuildPhase section */

/* Begin PBXGroup section */
		5504A0A61C2368FF00976A94 = {
			isa = PBXGroup;
			children = (
				5504A0E51C23697700976A94 /* AudioToolbox.framework */,
				5504A0E61C23697700976A94 /* AVFoundation.framework */,
				5504A0B11C2368FF00976A94 /* JALAudioSampler */,
				5504A0CB1C2368FF00976A94 /* JALAudioSamplerTests */,
				5504A0B01C2368FF00976A94 /* Products */,
			);
			sourceTree = "<group>";
		};
		5504A0B01C2368FF00976A94 /* Products */ = {
			isa = PBXGroup;
			children = (
				5504A0AF1C2368FF00976A94 /* JALAudioSampler.app */,
				5504A0C81C2368FF00976A94 /* JALAudioSamplerTests.xctest */,
			);
			name = Products;
			sourceTree = "<group>";
		};
		5504A0B11C2368FF00976A94 /* JALAudioSampler */ = {
			isa = PBXGroup;
			children = (
				55F752451C2684A5009F0F95 /* bach-invention-01.mid */,
				5504A0FE1C23777800976A94 /* ElPiano1.sf2 */,
				5504A0FB1C2373D500976A94 /* ontology-destroy-you-bass.exs */,
				5504A0ED1C236CF400976A94 /* EXS Factory Samples */,
				5504A0B51C2368FF00976A94 /* AppDelegate.h */,
				5504A0B61C2368FF00976A94 /* AppDelegate.m */,
				5504A0BB1C2368FF00976A94 /* Main.storyboard */,
				5504A0F71C23715D00976A94 /* JALViewController.h */,
				5504A0F81C23715D00976A94 /* JALViewController.m */,
				5504A0BE1C2368FF00976A94 /* Assets.xcassets */,
				5504A0C01C2368FF00976A94 /* LaunchScreen.storyboard */,
				5504A0C31C2368FF00976A94 /* Info.plist */,
				5504A0F41C236D9000976A94 /* JALLog.h */,
				5504A0B21C2368FF00976A94 /* Supporting Files */,
				5504A0F01C236D5500976A94 /* JALSampler.h */,
				5504A0F11C236D5500976A94 /* JALSampler.m */,
				55F752421C2669D6009F0F95 /* JALMidiPlayer.h */,
				55F752431C2669D6009F0F95 /* JALMidiPlayer.m */,
			);
			path = JALAudioSampler;
			sourceTree = "<group>";
		};
		5504A0B21C2368FF00976A94 /* Supporting Files */ = {
			isa = PBXGroup;
			children = (
				5504A0B31C2368FF00976A94 /* main.m */,
			);
			name = "Supporting Files";
			sourceTree = "<group>";
		};
		5504A0CB1C2368FF00976A94 /* JALAudioSamplerTests */ = {
			isa = PBXGroup;
			children = (
				5504A0CC1C2368FF00976A94 /* JALAudioSamplerTests.m */,
				5504A0CE1C2368FF00976A94 /* Info.plist */,
			);
			path = JALAudioSamplerTests;
			sourceTree = "<group>";
		};
/* End PBXGroup section */

/* Begin PBXNativeTarget section */
		5504A0AE1C2368FF00976A94 /* JALAudioSampler */ = {
			isa = PBXNativeTarget;
			buildConfigurationList = 5504A0DC1C2368FF00976A94 /* Build configuration list for PBXNativeTarget "JALAudioSampler" */;
			buildPhases = (
				5504A0AB1C2368FF00976A94 /* Sources */,
				5504A0AC1C2368FF00976A94 /* Frameworks */,
				5504A0AD1C2368FF00976A94 /* Resources */,
			);
			buildRules = (
			);
			dependencies = (
			);
			name = JALAudioSampler;
			productName = JALAudioSampler;
			productReference = 5504A0AF1C2368FF00976A94 /* JALAudioSampler.app */;
			productType = "com.apple.product-type.application";
		};
		5504A0C71C2368FF00976A94 /* JALAudioSamplerTests */ = {
			isa = PBXNativeTarget;
			buildConfigurationList = 5504A0DF1C2368FF00976A94 /* Build configuration list for PBXNativeTarget "JALAudioSamplerTests" */;
			buildPhases = (
				5504A0C41C2368FF00976A94 /* Sources */,
				5504A0C51C2368FF00976A94 /* Frameworks */,
				5504A0C61C2368FF00976A94 /* Resources */,
			);
			buildRules = (
			);
			dependencies = (
				5504A0CA1C2368FF00976A94 /* PBXTargetDependency */,
			);
			name = JALAudioSamplerTests;
			productName = JALAudioSamplerTests;
			productReference = 5504A0C81C2368FF00976A94 /* JALAudioSamplerTests.xctest */;
			productType = "com.apple.product-type.bundle.unit-test";
		};
/* End PBXNativeTarget section */

/* Begin PBXProject section */
		5504A0A71C2368FF00976A94 /* Project object */ = {
			isa = PBXProject;
			attributes = {
				CLASSPREFIX = JAL;
				LastUpgradeCheck = 0720;
				ORGANIZATIONNAME = "Jason Lew";
				TargetAttributes = {
					5504A0AE1C2368FF00976A94 = {
						CreatedOnToolsVersion = 7.2;
						DevelopmentTeam = Y36ZG49HW8;
					};
					5504A0C71C2368FF00976A94 = {
						CreatedOnToolsVersion = 7.2;
						TestTargetID = 5504A0AE1C2368FF00976A94;
					};
				};
			};
			buildConfigurationList = 5504A0AA1C2368FF00976A94 /* Build configuration list for PBXProject "JALAudioSampler" */;
			compatibilityVersion = "Xcode 3.2";
			developmentRegion = English;
			hasScannedForEncodings = 0;
			knownRegions = (
				en,
				Base,
			);
			mainGroup = 5504A0A61C2368FF00976A94;
			productRefGroup = 5504A0B01C2368FF00976A94 /* Products */;
			projectDirPath = "";
			projectRoot = "";
			targets = (
				5504A0AE1C2368FF00976A94 /* JALAudioSampler */,
				5504A0C71C2368FF00976A94 /* JALAudioSamplerTests */,
			);
		};
/* End PBXProject section */

/* Begin PBXResourcesBuildPhase section */
		5504A0AD1C2368FF00976A94 /* Resources */ = {
			isa = PBXResourcesBuildPhase;
			buildActionMask = 2147483647;
			files = (
				5504A0C21C2368FF00976A94 /* LaunchScreen.storyboard in Resources */,
				5504A0BF1C2368FF00976A94 /* Assets.xcassets in Resources */,
				5504A0FC1C2373D500976A94 /* ontology-destroy-you-bass.exs in Resources */,
				5504A0EE1C236CF400976A94 /* EXS Factory Samples in Resources */,
				5504A0FF1C23777800976A94 /* ElPiano1.sf2 in Resources */,
				5504A0BD1C2368FF00976A94 /* Main.storyboard in Resources */,
				55F752461C2684A5009F0F95 /* bach-invention-01.mid in Resources */,
			);
			runOnlyForDeploymentPostprocessing = 0;
		};
		5504A0C61C2368FF00976A94 /* Resources */ = {
			isa = PBXResourcesBuildPhase;
			buildActionMask = 2147483647;
			files = (
				5504A0EF1C236CF400976A94 /* EXS Factory Samples in Resources */,
				5504A0FD1C2373D500976A94 /* ontology-destroy-you-bass.exs in Resources */,
			);
			runOnlyForDeploymentPostprocessing = 0;
		};
/* End PBXResourcesBuildPhase section */

/* Begin PBXSourcesBuildPhase section */
		5504A0AB1C2368FF00976A94 /* Sources */ = {
			isa = PBXSourcesBuildPhase;
			buildActionMask = 2147483647;
			files = (
				5504A0F91C23715D00976A94 /* JALViewController.m in Sources */,
				5504A0B71C2368FF00976A94 /* AppDelegate.m in Sources */,
				5504A0F21C236D5500976A94 /* JALSampler.m in Sources */,
				5504A0B41C2368FF00976A94 /* main.m in Sources */,
				55F752441C2669D6009F0F95 /* JALMidiPlayer.m in Sources */,
			);
			runOnlyForDeploymentPostprocessing = 0;
		};
		5504A0C41C2368FF00976A94 /* Sources */ = {
			isa = PBXSourcesBuildPhase;
			buildActionMask = 2147483647;
			files = (
				5504A0CD1C2368FF00976A94 /* JALAudioSamplerTests.m in Sources */,
			);
			runOnlyForDeploymentPostprocessing = 0;
		};
/* End PBXSourcesBuildPhase section */

/* Begin PBXTargetDependency section */
		5504A0CA1C2368FF00976A94 /* PBXTargetDependency */ = {
			isa = PBXTargetDependency;
			target = 5504A0AE1C2368FF00976A94 /* JALAudioSampler */;
			targetProxy = 5504A0C91C2368FF00976A94 /* PBXContainerItemProxy */;
		};
/* End PBXTargetDependency section */

/* Begin PBXVariantGroup section */
		5504A0BB1C2368FF00976A94 /* Main.storyboard */ = {
			isa = PBXVariantGroup;
			children = (
				5504A0BC1C2368FF00976A94 /* Base */,
			);
			name = Main.storyboard;
			sourceTree = "<group>";
		};
		5504A0C01C2368FF00976A94 /* LaunchScreen.storyboard */ = {
			isa = PBXVariantGroup;
			children = (
				5504A0C11C2368FF00976A94 /* Base */,
			);
			name = LaunchScreen.storyboard;
			sourceTree = "<group>";
		};
/* End PBXVariantGroup section */

/* Begin XCBuildConfiguration section */
		5504A0DA1C2368FF00976A94 /* Debug */ = {
			isa = XCBuildConfiguration;
			buildSettings = {
				ALWAYS_SEARCH_USER_PATHS = NO;
				CLANG_CXX_LANGUAGE_STANDARD = "gnu++0x";
				CLANG_CXX_LIBRARY = "libc++";
				CLANG_ENABLE_MODULES = YES;
				CLANG_ENABLE_OBJC_ARC = YES;
				CLANG_WARN_BOOL_CONVERSION = YES;
				CLANG_WARN_CONSTANT_CONVERSION = YES;
				CLANG_WARN_DIRECT_OBJC_ISA_USAGE = YES_ERROR;
				CLANG_WARN_EMPTY_BODY = YES;
				CLANG_WARN_ENUM_CONVERSION = YES;
				CLANG_WARN_INT_CONVERSION = YES;
				CLANG_WARN_OBJC_ROOT_CLASS = YES_ERROR;
				CLANG_WARN_UNREACHABLE_CODE = YES;
				CLANG_WARN__DUPLICATE_METHOD_MATCH = YES;
				"CODE_SIGN_IDENTITY[sdk=iphoneos*]" = "iPhone Developer";
				COPY_PHASE_STRIP = NO;
				DEBUG_INFORMATION_FORMAT = dwarf;
				ENABLE_STRICT_OBJC_MSGSEND = YES;
				ENABLE_TESTABILITY = YES;
				GCC_C_LANGUAGE_STANDARD = gnu99;
				GCC_DYNAMIC_NO_PIC = NO;
				GCC_NO_COMMON_BLOCKS = YES;
				GCC_OPTIMIZATION_LEVEL = 0;
				GCC_PREPROCESSOR_DEFINITIONS = (
					"DEBUG=1",
					"$(inherited)",
				);
				GCC_WARN_64_TO_32_BIT_CONVERSION = YES;
				GCC_WARN_ABOUT_RETURN_TYPE = YES_ERROR;
				GCC_WARN_UNDECLARED_SELECTOR = YES;
				GCC_WARN_UNINITIALIZED_AUTOS = YES_AGGRESSIVE;
				GCC_WARN_UNUSED_FUNCTION = YES;
				GCC_WARN_UNUSED_VARIABLE = YES;
				IPHONEOS_DEPLOYMENT_TARGET = 8.0;
				MTL_ENABLE_DEBUG_INFO = YES;
				ONLY_ACTIVE_ARCH = YES;
				SDKROOT = iphoneos;
			};
			name = Debug;
		};
		5504A0DB1C2368FF00976A94 /* Release */ = {
			isa = XCBuildConfiguration;
			buildSettings = {
				ALWAYS_SEARCH_USER_PATHS = NO;
				CLANG_CXX_LANGUAGE_STANDARD = "gnu++0x";
				CLANG_CXX_LIBRARY = "libc++";
				CLANG_ENABLE_MODULES = YES;
				CLANG_ENABLE_OBJC_ARC = YES;
				CLANG_WARN_BOOL_CONVERSION = YES;
				CLANG_WARN_CONSTANT_CONVERSION = YES;
				CLANG_WARN_DIRECT_OBJC_ISA_USAGE = YES_ERROR;
				CLANG_WARN_EMPTY_BODY = YES;
				CLANG_WARN_ENUM_CONVERSION = YES;
				CLANG_WARN_INT_CONVERSION = YES;
				CLANG_WARN_OBJC_ROOT_CLASS = YES_ERROR;
				CLANG_WARN_UNREACHABLE_CODE = YES;
				CLANG_WARN__DUPLICATE_METHOD_MATCH = YES;
				"CODE_SIGN_IDENTITY[sdk=iphoneos*]" = "iPhone Developer";
				COPY_PHASE_STRIP = NO;
				DEBUG_INFORMATION_FORMAT = "dwarf-with-dsym";
				ENABLE_NS_ASSERTIONS = NO;
				ENABLE_STRICT_OBJC_MSGSEND = YES;
				GCC_C_LANGUAGE_STANDARD = gnu99;
				GCC_NO_COMMON_BLOCKS = YES;
				GCC_WARN_64_TO_32_BIT_CONVERSION = YES;
				GCC_WARN_ABOUT_RETURN_TYPE = YES_ERROR;
				GCC_WARN_UNDECLARED_SELECTOR = YES;
				GCC_WARN_UNINITIALIZED_AUTOS = YES_AGGRESSIVE;
				GCC_WARN_UNUSED_FUNCTION = YES;
				GCC_WARN_UNUSED_VARIABLE = YES;
				IPHONEOS_DEPLOYMENT_TARGET = 8.0;
				MTL_ENABLE_DEBUG_INFO = NO;
				SDKROOT = iphoneos;
				VALIDATE_PRODUCT = YES;
			};
			name = Release;
		};
		5504A0DD1C2368FF00976A94 /* Debug */ = {
			isa = XCBuildConfiguration;
			buildSettings = {
				ASSETCATALOG_COMPILER_APPICON_NAME = AppIcon;
				CODE_SIGN_IDENTITY = "iPhone Developer";
				INFOPLIST_FILE = JALAudioSampler/Info.plist;
				IPHONEOS_DEPLOYMENT_TARGET = 8.0;
				LD_RUNPATH_SEARCH_PATHS = "$(inherited) @executable_path/Frameworks";
				PRODUCT_BUNDLE_IDENTIFIER = co.jlew.ios.JALAudioSampler;
				PRODUCT_NAME = "$(TARGET_NAME)";
			};
			name = Debug;
		};
		5504A0DE1C2368FF00976A94 /* Release */ = {
			isa = XCBuildConfiguration;
			buildSettings = {
				ASSETCATALOG_COMPILER_APPICON_NAME = AppIcon;
				CODE_SIGN_IDENTITY = "iPhone Developer";
				INFOPLIST_FILE = JALAudioSampler/Info.plist;
				IPHONEOS_DEPLOYMENT_TARGET = 8.0;
				LD_RUNPATH_SEARCH_PATHS = "$(inherited) @executable_path/Frameworks";
				PRODUCT_BUNDLE_IDENTIFIER = co.jlew.ios.JALAudioSampler;
				PRODUCT_NAME = "$(TARGET_NAME)";
			};
			name = Release;
		};
		5504A0E01C2368FF00976A94 /* Debug */ = {
			isa = XCBuildConfiguration;
			buildSettings = {
				BUNDLE_LOADER = "$(TEST_HOST)";
				INFOPLIST_FILE = JALAudioSamplerTests/Info.plist;
				LD_RUNPATH_SEARCH_PATHS = "$(inherited) @executable_path/Frameworks @loader_path/Frameworks";
				PRODUCT_BUNDLE_IDENTIFIER = co.jlew.ios.JALAudioSamplerTests;
				PRODUCT_NAME = "$(TARGET_NAME)";
				TEST_HOST = "$(BUILT_PRODUCTS_DIR)/JALAudioSampler.app/JALAudioSampler";
			};
			name = Debug;
		};
		5504A0E11C2368FF00976A94 /* Release */ = {
			isa = XCBuildConfiguration;
			buildSettings = {
				BUNDLE_LOADER = "$(TEST_HOST)";
				INFOPLIST_FILE = JALAudioSamplerTests/Info.plist;
				LD_RUNPATH_SEARCH_PATHS = "$(inherited) @executable_path/Frameworks @loader_path/Frameworks";
				PRODUCT_BUNDLE_IDENTIFIER = co.jlew.ios.JALAudioSamplerTests;
				PRODUCT_NAME = "$(TARGET_NAME)";
				TEST_HOST = "$(BUILT_PRODUCTS_DIR)/JALAudioSampler.app/JALAudioSampler";
			};
			name = Release;
		};
/* End XCBuildConfiguration section */

/* Begin XCConfigurationList section */
		5504A0AA1C2368FF00976A94 /* Build configuration list for PBXProject "JALAudioSampler" */ = {
			isa = XCConfigurationList;
			buildConfigurations = (
				5504A0DA1C2368FF00976A94 /* Debug */,
				5504A0DB1C2368FF00976A94 /* Release */,
			);
			defaultConfigurationIsVisible = 0;
			defaultConfigurationName = Release;
		};
		5504A0DC1C2368FF00976A94 /* Build configuration list for PBXNativeTarget "JALAudioSampler" */ = {
			isa = XCConfigurationList;
			buildConfigurations = (
				5504A0DD1C2368FF00976A94 /* Debug */,
				5504A0DE1C2368FF00976A94 /* Release */,
			);
			defaultConfigurationIsVisible = 0;
			defaultConfigurationName = Release;
		};
		5504A0DF1C2368FF00976A94 /* Build configuration list for PBXNativeTarget "JALAudioSamplerTests" */ = {
			isa = XCConfigurationList;
			buildConfigurations = (
				5504A0E01C2368FF00976A94 /* Debug */,
				5504A0E11C2368FF00976A94 /* Release */,
			);
			defaultConfigurationIsVisible = 0;
			defaultConfigurationName = Release;
		};
/* End XCConfigurationList section */
	};
	rootObject = 5504A0A71C2368FF00976A94 /* Project object */;
}
